
Microsoft Visual Studio Solution File, Format Version 12.00
# Visual Studio Version 17
VisualStudioVersion = 17.3.32922.545
MinimumVisualStudioVersion = 10.0.40219.1
Project("{FAE04EC0-301F-11D3-BF4B-00C04F79EFBC}") = "API", "API\API.csproj", "{8B771633-B5DE-463E-A491-B38503E1BA49}"
EndProject
Project("{FAE04EC0-301F-11D3-BF4B-00C04F79EFBC}") = "API.Test", "API.Test\API.Test.csproj", "{BEBE949E-08F2-427B-AE7B-B301ED10BD1B}"
EndProject
Project("{FAE04EC0-301F-11D3-BF4B-00C04F79EFBC}") = "UI", "UI\UI.csproj", "{98D82F13-E696-415F-8ECA-5C297A9DE26B}"
EndProject
Project("{FAE04EC0-301F-11D3-BF4B-00C04F79EFBC}") = "API.Database", "API.Database\API.Database.csproj", "{D30106FC-0697-4B82-B5F1-6051A8B0064C}"
EndProject
Global
	GlobalSection(SolutionConfigurationPlatforms) = preSolution
		Debug|Any CPU = Debug|Any CPU
		Release|Any CPU = Release|Any CPU
	EndGlobalSection
	GlobalSection(ProjectConfigurationPlatforms) = postSolution
		{8B771633-B5DE-463E-A491-B38503E1BA49}.Debug|Any CPU.ActiveCfg = Debug|Any CPU
		{8B771633-B5DE-463E-A491-B38503E1BA49}.Debug|Any CPU.Build.0 = Debug|Any CPU
		{8B771633-B5DE-463E-A491-B38503E1BA49}.Release|Any CPU.ActiveCfg = Release|Any CPU
		{8B771633-B5DE-463E-A491-B38503E1BA49}.Release|Any CPU.Build.0 = Release|Any CPU
		{BEBE949E-08F2-427B-AE7B-B301ED10BD1B}.Debug|Any CPU.ActiveCfg = Debug|Any CPU
		{BEBE949E-08F2-427B-AE7B-B301ED10BD1B}.Debug|Any CPU.Build.0 = Debug|Any CPU
		{BEBE949E-08F2-427B-AE7B-B301ED10BD1B}.Release|Any CPU.ActiveCfg = Release|Any CPU
		{BEBE949E-08F2-427B-AE7B-B301ED10BD1B}.Release|Any CPU.Build.0 = Release|Any CPU
		{98D82F13-E696-415F-8ECA-5C297A9DE26B}.Debug|Any CPU.ActiveCfg = Debug|Any CPU
		{98D82F13-E696-415F-8ECA-5C297A9DE26B}.Debug|Any CPU.Build.0 = Debug|Any CPU
		{98D82F13-E696-415F-8ECA-5C297A9DE26B}.Release|Any CPU.ActiveCfg = Release|Any CPU
		{98D82F13-E696-415F-8ECA-5C297A9DE26B}.Release|Any CPU.Build.0 = Release|Any CPU
		{D30106FC-0697-4B82-B5F1-6051A8B0064C}.Debug|Any CPU.ActiveCfg = Debug|Any CPU
		{D30106FC-0697-4B82-B5F1-6051A8B0064C}.Debug|Any CPU.Build.0 = Debug|Any CPU
		{D30106FC-0697-4B82-B5F1-6051A8B0064C}.Release|Any CPU.ActiveCfg = Release|Any CPU
		{D30106FC-0697-4B82-B5F1-6051A8B0064C}.Release|Any CPU.Build.0 = Release|Any CPU
	EndGlobalSection
	GlobalSection(SolutionProperties) = preSolution
		HideSolutionNode = FALSE
	EndGlobalSection
	GlobalSection(ExtensibilityGlobals) = postSolution
		SolutionGuid = {6540EC8D-08B3-4D37-B226-943F466A2772}
	EndGlobalSection
EndGlobal
